
Microsoft Visual Studio Solution File, Format Version 12.00
# Visual Studio Version 16
VisualStudioVersion = 16.0.31605.320
MinimumVisualStudioVersion = 10.0.40219.1
Project("{FAE04EC0-301F-11D3-BF4B-00C04F79EFBC}") = "Yashrajsinh_Jadeja_8740678", "Yashrajsinh_Jadeja_8740678\Yashrajsinh_Jadeja_8740678.csproj", "{B31E5D42-9E15-4283-8801-5CC682FAC3A6}"
EndProject
Global
	GlobalSection(SolutionConfigurationPlatforms) = preSolution
		Debug|Any CPU = Debug|Any CPU
		Release|Any CPU = Release|Any CPU
	EndGlobalSection
	GlobalSection(ProjectConfigurationPlatforms) = postSolution
		{B31E5D42-9E15-4283-8801-5CC682FAC3A6}.Debug|Any CPU.ActiveCfg = Debug|Any CPU
		{B31E5D42-9E15-4283-8801-5CC682FAC3A6}.Debug|Any CPU.Build.0 = Debug|Any CPU
		{B31E5D42-9E15-4283-8801-5CC682FAC3A6}.Release|Any CPU.ActiveCfg = Release|Any CPU
		{B31E5D42-9E15-4283-8801-5CC682FAC3A6}.Release|Any CPU.Build.0 = Release|Any CPU
	EndGlobalSection
	GlobalSection(SolutionProperties) = preSolution
		HideSolutionNode = FALSE
	EndGlobalSection
	GlobalSection(ExtensibilityGlobals) = postSolution
		SolutionGuid = {1B7B0329-25BD-4FA6-979F-A9BFC92ABA22}
	EndGlobalSection
EndGlobal
